{
  "name": "YouCode",
  "lockfileVersion": 3,
  "requires": true,
  "packages": {
    "": {
      "dependencies": {
<<<<<<< HEAD
        "@vis.gl/react-google-maps": "^0.8.3",
        "google-map-react": "^2.2.1"
      }
    },
    "node_modules/@googlemaps/js-api-loader": {
      "version": "1.16.6",
      "resolved": "https://registry.npmjs.org/@googlemaps/js-api-loader/-/js-api-loader-1.16.6.tgz",
      "integrity": "sha512-V8p5W9DbPQx74jWUmyYJOerhiB4C+MHekaO0ZRmc6lrOYrvY7+syLhzOWpp55kqSPeNb+qbC2h8i69aLIX6krQ==",
      "dependencies": {
        "fast-deep-equal": "^3.1.3"
      }
    },
    "node_modules/@mapbox/point-geometry": {
      "version": "0.1.0",
      "resolved": "https://registry.npmjs.org/@mapbox/point-geometry/-/point-geometry-0.1.0.tgz",
      "integrity": "sha512-6j56HdLTwWGO0fJPlrZtdU/B13q8Uwmo18Ck2GnGgN9PCFyKTZ3UbXeEdRFh18i9XQ92eH2VdtpJHpBD3aripQ=="
    },
    "node_modules/@types/google.maps": {
      "version": "3.55.7",
      "resolved": "https://registry.npmjs.org/@types/google.maps/-/google.maps-3.55.7.tgz",
      "integrity": "sha512-SlWFx0vo7RSAOC63+PTz8FeqLDaRYs7PrS/L0bZSKswxIN5TnCuckbeIwZpgD/S+DWalPteXfDbg5JsUER5Cyw=="
    },
    "node_modules/@vis.gl/react-google-maps": {
      "version": "0.8.3",
      "resolved": "https://registry.npmjs.org/@vis.gl/react-google-maps/-/react-google-maps-0.8.3.tgz",
      "integrity": "sha512-iubZIH9MJSkJA9NCMwKkMlHb/iNSeXzVRE7fPVhkKJPId6TBvQcpKA98tirUXi2AfEkYL+IVcE3doL6WdeQ2QA==",
      "dependencies": {
        "@types/google.maps": "^3.54.10",
        "fast-deep-equal": "^3.1.3"
      },
      "peerDependencies": {
        "react": ">=16.8.0",
        "react-dom": ">=16.8.0"
      }
    },
    "node_modules/eventemitter3": {
      "version": "4.0.7",
      "resolved": "https://registry.npmjs.org/eventemitter3/-/eventemitter3-4.0.7.tgz",
      "integrity": "sha512-8guHBZCwKnFhYdHr2ysuRWErTwhoN2X8XELRlrRwpmfeY2jjuUN4taQMsULKUVo1K4DvZl+0pgfyoysHxvmvEw=="
    },
    "node_modules/fast-deep-equal": {
      "version": "3.1.3",
      "resolved": "https://registry.npmjs.org/fast-deep-equal/-/fast-deep-equal-3.1.3.tgz",
      "integrity": "sha512-f3qQ9oQy9j2AhBe/H9VC91wLmKBCCU/gDOnKNAYG5hswO7BLKj09Hc5HYNz9cGI++xlpDCIgDaitVs03ATR84Q=="
    },
    "node_modules/google-map-react": {
      "version": "2.2.1",
      "resolved": "https://registry.npmjs.org/google-map-react/-/google-map-react-2.2.1.tgz",
      "integrity": "sha512-Dg8aexf5rNSmywj0XKQ5m4RNzVcWwKEM2BGDj5aPChD0um8ZRjB5Upcb/yg/i0oG1aES29asQ5+6BHVgrK5xGA==",
      "dependencies": {
        "@googlemaps/js-api-loader": "^1.13.8",
        "@mapbox/point-geometry": "^0.1.0",
        "eventemitter3": "^4.0.4",
        "prop-types": "^15.7.2"
      },
      "engines": {
        "node": ">=10"
      },
      "peerDependencies": {
        "react": "^16.0.0 || ^17.0.0 || ^18.0.0",
        "react-dom": "^16.0.0 || ^17.0.0 || ^18.0.0"
      }
    },
    "node_modules/js-tokens": {
      "version": "4.0.0",
      "resolved": "https://registry.npmjs.org/js-tokens/-/js-tokens-4.0.0.tgz",
      "integrity": "sha512-RdJUflcE3cUzKiMqQgsCu06FPu9UdIJO0beYbPhHN4k6apgJtifcoCtT9bcxOpYBtpD2kCM6Sbzg4CausW/PKQ=="
    },
    "node_modules/loose-envify": {
      "version": "1.4.0",
      "resolved": "https://registry.npmjs.org/loose-envify/-/loose-envify-1.4.0.tgz",
      "integrity": "sha512-lyuxPGr/Wfhrlem2CL/UcnUc1zcqKAImBDzukY7Y5F/yQiNdko6+fRLevlw1HgMySw7f611UIY408EtxRSoK3Q==",
      "dependencies": {
        "js-tokens": "^3.0.0 || ^4.0.0"
      },
      "bin": {
        "loose-envify": "cli.js"
      }
    },
    "node_modules/object-assign": {
      "version": "4.1.1",
      "resolved": "https://registry.npmjs.org/object-assign/-/object-assign-4.1.1.tgz",
      "integrity": "sha512-rJgTQnkUnH1sFw8yT6VSU3zD3sWmu6sZhIseY8VX+GRu3P6F7Fu+JNDoXfklElbLJSnc3FUQHVe4cU5hj+BcUg==",
      "engines": {
        "node": ">=0.10.0"
      }
    },
    "node_modules/prop-types": {
      "version": "15.8.1",
      "resolved": "https://registry.npmjs.org/prop-types/-/prop-types-15.8.1.tgz",
      "integrity": "sha512-oj87CgZICdulUohogVAR7AjlC0327U4el4L6eAvOqCeudMDVU0NThNaV+b9Df4dXgSP1gXMTnPdhfe/2qDH5cg==",
      "dependencies": {
        "loose-envify": "^1.4.0",
        "object-assign": "^4.1.1",
        "react-is": "^16.13.1"
      }
    },
    "node_modules/react": {
      "version": "18.2.0",
      "resolved": "https://registry.npmjs.org/react/-/react-18.2.0.tgz",
      "integrity": "sha512-/3IjMdb2L9QbBdWiW5e3P2/npwMBaU9mHCSCUzNln0ZCYbcfTsGbTJrU/kGemdH2IWmB2ioZ+zkxtmq6g09fGQ==",
      "peer": true,
      "dependencies": {
        "loose-envify": "^1.1.0"
      },
      "engines": {
        "node": ">=0.10.0"
      }
    },
    "node_modules/react-dom": {
      "version": "18.2.0",
      "resolved": "https://registry.npmjs.org/react-dom/-/react-dom-18.2.0.tgz",
      "integrity": "sha512-6IMTriUmvsjHUjNtEDudZfuDQUoWXVxKHhlEGSk81n4YFS+r/Kl99wXiwlVXtPBtJenozv2P+hxDsw9eA7Xo6g==",
      "peer": true,
      "dependencies": {
        "loose-envify": "^1.1.0",
        "scheduler": "^0.23.0"
      },
      "peerDependencies": {
        "react": "^18.2.0"
      }
    },
    "node_modules/react-is": {
      "version": "16.13.1",
      "resolved": "https://registry.npmjs.org/react-is/-/react-is-16.13.1.tgz",
      "integrity": "sha512-24e6ynE2H+OKt4kqsOvNd8kBpV65zoxbA4BVsEOB3ARVWQki/DHzaUoC5KuON/BiccDaCCTZBuOcfZs70kR8bQ=="
    },
    "node_modules/scheduler": {
      "version": "0.23.0",
      "resolved": "https://registry.npmjs.org/scheduler/-/scheduler-0.23.0.tgz",
      "integrity": "sha512-CtuThmgHNg7zIZWAXi3AsyIzA3n4xx7aNyjwC2VJldO2LMVDhFK+63xGqq6CsJH4rTAt6/M+N4GhZiDYPx9eUw==",
      "peer": true,
      "dependencies": {
        "loose-envify": "^1.1.0"
=======
        "corepack": "^0.26.0",
        "pnpm": "^8.15.6",
        "yarn": "^1.22.22"
      }
    },
    "node_modules/corepack": {
      "version": "0.26.0",
      "resolved": "https://registry.npmjs.org/corepack/-/corepack-0.26.0.tgz",
      "integrity": "sha512-VsLp9CdXUKEnVjavJkDW/eRC9TPSMvn7t1DyqRoewPojUerTwISkecT5Zs5zWkSNtxetQm4w2n5Jfdh5S/Qz9A==",
      "bin": {
        "corepack": "dist/corepack.js",
        "pnpm": "dist/pnpm.js",
        "pnpx": "dist/pnpx.js",
        "yarn": "dist/yarn.js",
        "yarnpkg": "dist/yarnpkg.js"
      },
      "engines": {
        "node": "^18.17.1 || >=20.10.0"
      }
    },
    "node_modules/pnpm": {
      "version": "8.15.6",
      "resolved": "https://registry.npmjs.org/pnpm/-/pnpm-8.15.6.tgz",
      "integrity": "sha512-d7iem+d6Kwatj0A6Gcrl4il29hAj+YrTI9XDAZSVjrwC7gpq5dE+5FT2E05OjK8poF8LGg4dKxe8prah8RWfhg==",
      "bin": {
        "pnpm": "bin/pnpm.cjs",
        "pnpx": "bin/pnpx.cjs"
      },
      "engines": {
        "node": ">=16.14"
      },
      "funding": {
        "url": "https://opencollective.com/pnpm"
      }
    },
    "node_modules/yarn": {
      "version": "1.22.22",
      "resolved": "https://registry.npmjs.org/yarn/-/yarn-1.22.22.tgz",
      "integrity": "sha512-prL3kGtyG7o9Z9Sv8IPfBNrWTDmXB4Qbes8A9rEzt6wkJV8mUvoirjU0Mp3GGAU06Y0XQyA3/2/RQFVuK7MTfg==",
      "hasInstallScript": true,
      "bin": {
        "yarn": "bin/yarn.js",
        "yarnpkg": "bin/yarn.js"
      },
      "engines": {
        "node": ">=4.0.0"
>>>>>>> 6775d24a3cc7fda4e69470507d79ac4bf8ec5938
      }
    }
  }
}
